
Microsoft Visual Studio Solution File, Format Version 12.00
# Visual Studio 15
VisualStudioVersion = 15.0.26124.0
MinimumVisualStudioVersion = 15.0.26124.0
Project("{2150E333-8FDC-42A3-9474-1A3956D46DE8}") = "src", "src", "{1C95BD96-1403-4A50-8649-291854F6DF84}"
EndProject
Project("{FAE04EC0-301F-11D3-BF4B-00C04F79EFBC}") = "Finite.Commands.Abstractions", "src\Abstractions\Finite.Commands.Abstractions.csproj", "{D81C4495-81B2-47DD-A156-2AA8C5565278}"
EndProject
Project("{FAE04EC0-301F-11D3-BF4B-00C04F79EFBC}") = "Finite.Commands.Core", "src\Core\Finite.Commands.Core.csproj", "{C209280A-365B-4C9E-9B6C-3F21A3CB649B}"
EndProject
Project("{2150E333-8FDC-42A3-9474-1A3956D46DE8}") = "samples", "samples", "{3138936F-3B61-41DF-9ED6-F64BEFF78A63}"
EndProject
Project("{FAE04EC0-301F-11D3-BF4B-00C04F79EFBC}") = "ConsoleCommands", "samples\Console\ConsoleCommands.csproj", "{3359A432-54FE-47B0-9096-082B8651CFA2}"
EndProject
Project("{2150E333-8FDC-42A3-9474-1A3956D46DE8}") = "Parsing", "Parsing", "{A447581F-3ED7-40E8-BA5D-8AF5FD04930F}"
EndProject
Project("{FAE04EC0-301F-11D3-BF4B-00C04F79EFBC}") = "Finite.Commands.Parsing.Abstractions", "src\Parsing\Abstractions\Finite.Commands.Parsing.Abstractions.csproj", "{AB8811CC-2372-4651-A52B-09C6A05FA308}"
EndProject
Project("{FAE04EC0-301F-11D3-BF4B-00C04F79EFBC}") = "Finite.Commands.Parsing.Positional", "src\Parsing\Positional\Finite.Commands.Parsing.Positional.csproj", "{211E6850-4599-4011-B42E-FB52EDF9AE21}"
EndProject
Project("{2150E333-8FDC-42A3-9474-1A3956D46DE8}") = "tests", "tests", "{AAFFD74B-59CE-498C-A0E0-284AD0694514}"
EndProject
Project("{FAE04EC0-301F-11D3-BF4B-00C04F79EFBC}") = "Finite.Commands.Parsing.Positional.UnitTests", "tests\Parsing\Positional\Finite.Commands.Parsing.Positional.UnitTests.csproj", "{68937EE7-9430-4FEA-B2C5-A55F9A7F8761}"
EndProject
Project("{2150E333-8FDC-42A3-9474-1A3956D46DE8}") = "Models", "Models", "{C6CE4793-D196-4AE9-AC68-D33BEC87C984}"
EndProject
Project("{2150E333-8FDC-42A3-9474-1A3956D46DE8}") = "Attributed", "Attributed", "{59524609-DE5C-4319-8EF2-44288F930FBB}"
EndProject
Project("{FAE04EC0-301F-11D3-BF4B-00C04F79EFBC}") = "Finite.Commands.Models.AttributedModel", "src\Models\Attributed\Core\Finite.Commands.Models.AttributedModel.csproj", "{CC9FAB3E-8B68-461E-9DF3-3A7F767D0288}"
EndProject
Project("{FAE04EC0-301F-11D3-BF4B-00C04F79EFBC}") = "Finite.Commands.Models.AttributedModel.SourceGenerator", "src\Models\Attributed\SourceGenerator\Finite.Commands.Models.AttributedModel.SourceGenerator.csproj", "{F34017C2-99DC-4244-AEE9-0F9BA668AF7F}"
EndProject
Global
	GlobalSection(SolutionConfigurationPlatforms) = preSolution
		Debug|Any CPU = Debug|Any CPU
		Debug|x64 = Debug|x64
		Debug|x86 = Debug|x86
		Release|Any CPU = Release|Any CPU
		Release|x64 = Release|x64
		Release|x86 = Release|x86
	EndGlobalSection
	GlobalSection(SolutionProperties) = preSolution
		HideSolutionNode = FALSE
	EndGlobalSection
	GlobalSection(ProjectConfigurationPlatforms) = postSolution
		{D81C4495-81B2-47DD-A156-2AA8C5565278}.Debug|Any CPU.ActiveCfg = Debug|Any CPU
		{D81C4495-81B2-47DD-A156-2AA8C5565278}.Debug|Any CPU.Build.0 = Debug|Any CPU
		{D81C4495-81B2-47DD-A156-2AA8C5565278}.Debug|x64.ActiveCfg = Debug|Any CPU
		{D81C4495-81B2-47DD-A156-2AA8C5565278}.Debug|x64.Build.0 = Debug|Any CPU
		{D81C4495-81B2-47DD-A156-2AA8C5565278}.Debug|x86.ActiveCfg = Debug|Any CPU
		{D81C4495-81B2-47DD-A156-2AA8C5565278}.Debug|x86.Build.0 = Debug|Any CPU
		{D81C4495-81B2-47DD-A156-2AA8C5565278}.Release|Any CPU.ActiveCfg = Release|Any CPU
		{D81C4495-81B2-47DD-A156-2AA8C5565278}.Release|Any CPU.Build.0 = Release|Any CPU
		{D81C4495-81B2-47DD-A156-2AA8C5565278}.Release|x64.ActiveCfg = Release|Any CPU
		{D81C4495-81B2-47DD-A156-2AA8C5565278}.Release|x64.Build.0 = Release|Any CPU
		{D81C4495-81B2-47DD-A156-2AA8C5565278}.Release|x86.ActiveCfg = Release|Any CPU
		{D81C4495-81B2-47DD-A156-2AA8C5565278}.Release|x86.Build.0 = Release|Any CPU
		{C209280A-365B-4C9E-9B6C-3F21A3CB649B}.Debug|Any CPU.ActiveCfg = Debug|Any CPU
		{C209280A-365B-4C9E-9B6C-3F21A3CB649B}.Debug|Any CPU.Build.0 = Debug|Any CPU
		{C209280A-365B-4C9E-9B6C-3F21A3CB649B}.Debug|x64.ActiveCfg = Debug|Any CPU
		{C209280A-365B-4C9E-9B6C-3F21A3CB649B}.Debug|x64.Build.0 = Debug|Any CPU
		{C209280A-365B-4C9E-9B6C-3F21A3CB649B}.Debug|x86.ActiveCfg = Debug|Any CPU
		{C209280A-365B-4C9E-9B6C-3F21A3CB649B}.Debug|x86.Build.0 = Debug|Any CPU
		{C209280A-365B-4C9E-9B6C-3F21A3CB649B}.Release|Any CPU.ActiveCfg = Release|Any CPU
		{C209280A-365B-4C9E-9B6C-3F21A3CB649B}.Release|Any CPU.Build.0 = Release|Any CPU
		{C209280A-365B-4C9E-9B6C-3F21A3CB649B}.Release|x64.ActiveCfg = Release|Any CPU
		{C209280A-365B-4C9E-9B6C-3F21A3CB649B}.Release|x64.Build.0 = Release|Any CPU
		{C209280A-365B-4C9E-9B6C-3F21A3CB649B}.Release|x86.ActiveCfg = Release|Any CPU
		{C209280A-365B-4C9E-9B6C-3F21A3CB649B}.Release|x86.Build.0 = Release|Any CPU
		{3359A432-54FE-47B0-9096-082B8651CFA2}.Debug|Any CPU.ActiveCfg = Debug|Any CPU
		{3359A432-54FE-47B0-9096-082B8651CFA2}.Debug|Any CPU.Build.0 = Debug|Any CPU
		{3359A432-54FE-47B0-9096-082B8651CFA2}.Debug|x64.ActiveCfg = Debug|Any CPU
		{3359A432-54FE-47B0-9096-082B8651CFA2}.Debug|x64.Build.0 = Debug|Any CPU
		{3359A432-54FE-47B0-9096-082B8651CFA2}.Debug|x86.ActiveCfg = Debug|Any CPU
		{3359A432-54FE-47B0-9096-082B8651CFA2}.Debug|x86.Build.0 = Debug|Any CPU
		{3359A432-54FE-47B0-9096-082B8651CFA2}.Release|Any CPU.ActiveCfg = Release|Any CPU
		{3359A432-54FE-47B0-9096-082B8651CFA2}.Release|Any CPU.Build.0 = Release|Any CPU
		{3359A432-54FE-47B0-9096-082B8651CFA2}.Release|x64.ActiveCfg = Release|Any CPU
		{3359A432-54FE-47B0-9096-082B8651CFA2}.Release|x64.Build.0 = Release|Any CPU
		{3359A432-54FE-47B0-9096-082B8651CFA2}.Release|x86.ActiveCfg = Release|Any CPU
		{3359A432-54FE-47B0-9096-082B8651CFA2}.Release|x86.Build.0 = Release|Any CPU
		{AB8811CC-2372-4651-A52B-09C6A05FA308}.Debug|Any CPU.ActiveCfg = Debug|Any CPU
		{AB8811CC-2372-4651-A52B-09C6A05FA308}.Debug|Any CPU.Build.0 = Debug|Any CPU
		{AB8811CC-2372-4651-A52B-09C6A05FA308}.Debug|x64.ActiveCfg = Debug|Any CPU
		{AB8811CC-2372-4651-A52B-09C6A05FA308}.Debug|x64.Build.0 = Debug|Any CPU
		{AB8811CC-2372-4651-A52B-09C6A05FA308}.Debug|x86.ActiveCfg = Debug|Any CPU
		{AB8811CC-2372-4651-A52B-09C6A05FA308}.Debug|x86.Build.0 = Debug|Any CPU
		{AB8811CC-2372-4651-A52B-09C6A05FA308}.Release|Any CPU.ActiveCfg = Release|Any CPU
		{AB8811CC-2372-4651-A52B-09C6A05FA308}.Release|Any CPU.Build.0 = Release|Any CPU
		{AB8811CC-2372-4651-A52B-09C6A05FA308}.Release|x64.ActiveCfg = Release|Any CPU
		{AB8811CC-2372-4651-A52B-09C6A05FA308}.Release|x64.Build.0 = Release|Any CPU
		{AB8811CC-2372-4651-A52B-09C6A05FA308}.Release|x86.ActiveCfg = Release|Any CPU
		{AB8811CC-2372-4651-A52B-09C6A05FA308}.Release|x86.Build.0 = Release|Any CPU
		{211E6850-4599-4011-B42E-FB52EDF9AE21}.Debug|Any CPU.ActiveCfg = Debug|Any CPU
		{211E6850-4599-4011-B42E-FB52EDF9AE21}.Debug|Any CPU.Build.0 = Debug|Any CPU
		{211E6850-4599-4011-B42E-FB52EDF9AE21}.Debug|x64.ActiveCfg = Debug|Any CPU
		{211E6850-4599-4011-B42E-FB52EDF9AE21}.Debug|x64.Build.0 = Debug|Any CPU
		{211E6850-4599-4011-B42E-FB52EDF9AE21}.Debug|x86.ActiveCfg = Debug|Any CPU
		{211E6850-4599-4011-B42E-FB52EDF9AE21}.Debug|x86.Build.0 = Debug|Any CPU
		{211E6850-4599-4011-B42E-FB52EDF9AE21}.Release|Any CPU.ActiveCfg = Release|Any CPU
		{211E6850-4599-4011-B42E-FB52EDF9AE21}.Release|Any CPU.Build.0 = Release|Any CPU
		{211E6850-4599-4011-B42E-FB52EDF9AE21}.Release|x64.ActiveCfg = Release|Any CPU
		{211E6850-4599-4011-B42E-FB52EDF9AE21}.Release|x64.Build.0 = Release|Any CPU
		{211E6850-4599-4011-B42E-FB52EDF9AE21}.Release|x86.ActiveCfg = Release|Any CPU
		{211E6850-4599-4011-B42E-FB52EDF9AE21}.Release|x86.Build.0 = Release|Any CPU
		{68937EE7-9430-4FEA-B2C5-A55F9A7F8761}.Debug|Any CPU.ActiveCfg = Debug|Any CPU
		{68937EE7-9430-4FEA-B2C5-A55F9A7F8761}.Debug|Any CPU.Build.0 = Debug|Any CPU
		{68937EE7-9430-4FEA-B2C5-A55F9A7F8761}.Debug|x64.ActiveCfg = Debug|Any CPU
		{68937EE7-9430-4FEA-B2C5-A55F9A7F8761}.Debug|x64.Build.0 = Debug|Any CPU
		{68937EE7-9430-4FEA-B2C5-A55F9A7F8761}.Debug|x86.ActiveCfg = Debug|Any CPU
		{68937EE7-9430-4FEA-B2C5-A55F9A7F8761}.Debug|x86.Build.0 = Debug|Any CPU
		{68937EE7-9430-4FEA-B2C5-A55F9A7F8761}.Release|Any CPU.ActiveCfg = Release|Any CPU
		{68937EE7-9430-4FEA-B2C5-A55F9A7F8761}.Release|Any CPU.Build.0 = Release|Any CPU
		{68937EE7-9430-4FEA-B2C5-A55F9A7F8761}.Release|x64.ActiveCfg = Release|Any CPU
		{68937EE7-9430-4FEA-B2C5-A55F9A7F8761}.Release|x64.Build.0 = Release|Any CPU
		{68937EE7-9430-4FEA-B2C5-A55F9A7F8761}.Release|x86.ActiveCfg = Release|Any CPU
		{68937EE7-9430-4FEA-B2C5-A55F9A7F8761}.Release|x86.Build.0 = Release|Any CPU
		{CC9FAB3E-8B68-461E-9DF3-3A7F767D0288}.Debug|Any CPU.ActiveCfg = Debug|Any CPU
		{CC9FAB3E-8B68-461E-9DF3-3A7F767D0288}.Debug|Any CPU.Build.0 = Debug|Any CPU
		{CC9FAB3E-8B68-461E-9DF3-3A7F767D0288}.Debug|x64.ActiveCfg = Debug|Any CPU
		{CC9FAB3E-8B68-461E-9DF3-3A7F767D0288}.Debug|x64.Build.0 = Debug|Any CPU
		{CC9FAB3E-8B68-461E-9DF3-3A7F767D0288}.Debug|x86.ActiveCfg = Debug|Any CPU
		{CC9FAB3E-8B68-461E-9DF3-3A7F767D0288}.Debug|x86.Build.0 = Debug|Any CPU
		{CC9FAB3E-8B68-461E-9DF3-3A7F767D0288}.Release|Any CPU.ActiveCfg = Release|Any CPU
		{CC9FAB3E-8B68-461E-9DF3-3A7F767D0288}.Release|Any CPU.Build.0 = Release|Any CPU
		{CC9FAB3E-8B68-461E-9DF3-3A7F767D0288}.Release|x64.ActiveCfg = Release|Any CPU
		{CC9FAB3E-8B68-461E-9DF3-3A7F767D0288}.Release|x64.Build.0 = Release|Any CPU
		{CC9FAB3E-8B68-461E-9DF3-3A7F767D0288}.Release|x86.ActiveCfg = Release|Any CPU
		{CC9FAB3E-8B68-461E-9DF3-3A7F767D0288}.Release|x86.Build.0 = Release|Any CPU
		{F34017C2-99DC-4244-AEE9-0F9BA668AF7F}.Debug|Any CPU.ActiveCfg = Debug|Any CPU
		{F34017C2-99DC-4244-AEE9-0F9BA668AF7F}.Debug|Any CPU.Build.0 = Debug|Any CPU
		{F34017C2-99DC-4244-AEE9-0F9BA668AF7F}.Debug|x64.ActiveCfg = Debug|Any CPU
		{F34017C2-99DC-4244-AEE9-0F9BA668AF7F}.Debug|x64.Build.0 = Debug|Any CPU
		{F34017C2-99DC-4244-AEE9-0F9BA668AF7F}.Debug|x86.ActiveCfg = Debug|Any CPU
		{F34017C2-99DC-4244-AEE9-0F9BA668AF7F}.Debug|x86.Build.0 = Debug|Any CPU
		{F34017C2-99DC-4244-AEE9-0F9BA668AF7F}.Release|Any CPU.ActiveCfg = Release|Any CPU
		{F34017C2-99DC-4244-AEE9-0F9BA668AF7F}.Release|Any CPU.Build.0 = Release|Any CPU
		{F34017C2-99DC-4244-AEE9-0F9BA668AF7F}.Release|x64.ActiveCfg = Release|Any CPU
		{F34017C2-99DC-4244-AEE9-0F9BA668AF7F}.Release|x64.Build.0 = Release|Any CPU
		{F34017C2-99DC-4244-AEE9-0F9BA668AF7F}.Release|x86.ActiveCfg = Release|Any CPU
		{F34017C2-99DC-4244-AEE9-0F9BA668AF7F}.Release|x86.Build.0 = Release|Any CPU
	EndGlobalSection
	GlobalSection(NestedProjects) = preSolution
		{D81C4495-81B2-47DD-A156-2AA8C5565278} = {1C95BD96-1403-4A50-8649-291854F6DF84}
		{C209280A-365B-4C9E-9B6C-3F21A3CB649B} = {1C95BD96-1403-4A50-8649-291854F6DF84}
		{3359A432-54FE-47B0-9096-082B8651CFA2} = {3138936F-3B61-41DF-9ED6-F64BEFF78A63}
		{A447581F-3ED7-40E8-BA5D-8AF5FD04930F} = {1C95BD96-1403-4A50-8649-291854F6DF84}
		{AB8811CC-2372-4651-A52B-09C6A05FA308} = {A447581F-3ED7-40E8-BA5D-8AF5FD04930F}
		{211E6850-4599-4011-B42E-FB52EDF9AE21} = {A447581F-3ED7-40E8-BA5D-8AF5FD04930F}
		{68937EE7-9430-4FEA-B2C5-A55F9A7F8761} = {AAFFD74B-59CE-498C-A0E0-284AD0694514}
		{C6CE4793-D196-4AE9-AC68-D33BEC87C984} = {1C95BD96-1403-4A50-8649-291854F6DF84}
		{59524609-DE5C-4319-8EF2-44288F930FBB} = {C6CE4793-D196-4AE9-AC68-D33BEC87C984}
		{CC9FAB3E-8B68-461E-9DF3-3A7F767D0288} = {59524609-DE5C-4319-8EF2-44288F930FBB}
		{F34017C2-99DC-4244-AEE9-0F9BA668AF7F} = {59524609-DE5C-4319-8EF2-44288F930FBB}
	EndGlobalSection
EndGlobal
