
Microsoft Visual Studio Solution File, Format Version 12.00
# Visual Studio 15
VisualStudioVersion = 15.0.26730.15
MinimumVisualStudioVersion = 10.0.40219.1
Project("{FAE04EC0-301F-11D3-BF4B-00C04F79EFBC}") = "Wumpus.Commands.Core", "src\Wumpus.Commands.Core\Wumpus.Commands.Core.csproj", "{9BD4CCA5-7F4F-45F0-8926-BD8850502E1C}"
EndProject
Project("{FAE04EC0-301F-11D3-BF4B-00C04F79EFBC}") = "Wumpus.Commands.Core.Tests", "test\Wumpus.Commands.Core.Tests\Wumpus.Commands.Core.Tests.csproj", "{21ED1C22-3F31-456E-933D-671EC945F56A}"
EndProject
Global
	GlobalSection(SolutionConfigurationPlatforms) = preSolution
		Debug|Any CPU = Debug|Any CPU
		Release|Any CPU = Release|Any CPU
	EndGlobalSection
	GlobalSection(ProjectConfigurationPlatforms) = postSolution
		{9BD4CCA5-7F4F-45F0-8926-BD8850502E1C}.Debug|Any CPU.ActiveCfg = Debug|Any CPU
		{9BD4CCA5-7F4F-45F0-8926-BD8850502E1C}.Debug|Any CPU.Build.0 = Debug|Any CPU
		{9BD4CCA5-7F4F-45F0-8926-BD8850502E1C}.Release|Any CPU.ActiveCfg = Release|Any CPU
		{9BD4CCA5-7F4F-45F0-8926-BD8850502E1C}.Release|Any CPU.Build.0 = Release|Any CPU
		{21ED1C22-3F31-456E-933D-671EC945F56A}.Debug|Any CPU.ActiveCfg = Debug|Any CPU
		{21ED1C22-3F31-456E-933D-671EC945F56A}.Debug|Any CPU.Build.0 = Debug|Any CPU
		{21ED1C22-3F31-456E-933D-671EC945F56A}.Release|Any CPU.ActiveCfg = Release|Any CPU
		{21ED1C22-3F31-456E-933D-671EC945F56A}.Release|Any CPU.Build.0 = Release|Any CPU
	EndGlobalSection
	GlobalSection(SolutionProperties) = preSolution
		HideSolutionNode = FALSE
	EndGlobalSection
	GlobalSection(ExtensibilityGlobals) = postSolution
		SolutionGuid = {A5634F2C-30AC-4BDA-B0AE-57F77C11C622}
	EndGlobalSection
EndGlobal
